
Microsoft Visual Studio Solution File, Format Version 12.00
# Visual Studio Version 17
VisualStudioVersion = 17.9.34701.34
MinimumVisualStudioVersion = 10.0.40219.1
Project("{FAE04EC0-301F-11D3-BF4B-00C04F79EFBC}") = "2024_day_04", "2024_day_04\2024_day_04.csproj", "{0240B5DD-A4EF-4518-85F1-460272737506}"
EndProject
Global
	GlobalSection(SolutionConfigurationPlatforms) = preSolution
		Debug|Any CPU = Debug|Any CPU
		Release|Any CPU = Release|Any CPU
	EndGlobalSection
	GlobalSection(ProjectConfigurationPlatforms) = postSolution
		{0240B5DD-A4EF-4518-85F1-460272737506}.Debug|Any CPU.ActiveCfg = Debug|Any CPU
		{0240B5DD-A4EF-4518-85F1-460272737506}.Debug|Any CPU.Build.0 = Debug|Any CPU
		{0240B5DD-A4EF-4518-85F1-460272737506}.Release|Any CPU.ActiveCfg = Release|Any CPU
		{0240B5DD-A4EF-4518-85F1-460272737506}.Release|Any CPU.Build.0 = Release|Any CPU
	EndGlobalSection
	GlobalSection(SolutionProperties) = preSolution
		HideSolutionNode = FALSE
	EndGlobalSection
	GlobalSection(ExtensibilityGlobals) = postSolution
		SolutionGuid = {1D128758-9BE9-468C-AA72-084106383627}
	EndGlobalSection
EndGlobal
