
Microsoft Visual Studio Solution File, Format Version 12.00
# Visual Studio Version 17
VisualStudioVersion = 17.9.34701.34
MinimumVisualStudioVersion = 10.0.40219.1
Project("{FAE04EC0-301F-11D3-BF4B-00C04F79EFBC}") = "2024_day_05", "2024_day_05\2024_day_05.csproj", "{8E91A4F0-E5D9-40AF-921E-299C1399CD9B}"
EndProject
Global
	GlobalSection(SolutionConfigurationPlatforms) = preSolution
		Debug|Any CPU = Debug|Any CPU
		Release|Any CPU = Release|Any CPU
	EndGlobalSection
	GlobalSection(ProjectConfigurationPlatforms) = postSolution
		{8E91A4F0-E5D9-40AF-921E-299C1399CD9B}.Debug|Any CPU.ActiveCfg = Debug|Any CPU
		{8E91A4F0-E5D9-40AF-921E-299C1399CD9B}.Debug|Any CPU.Build.0 = Debug|Any CPU
		{8E91A4F0-E5D9-40AF-921E-299C1399CD9B}.Release|Any CPU.ActiveCfg = Release|Any CPU
		{8E91A4F0-E5D9-40AF-921E-299C1399CD9B}.Release|Any CPU.Build.0 = Release|Any CPU
	EndGlobalSection
	GlobalSection(SolutionProperties) = preSolution
		HideSolutionNode = FALSE
	EndGlobalSection
	GlobalSection(ExtensibilityGlobals) = postSolution
		SolutionGuid = {3FC03CF3-07C8-4391-AE48-9C95DAA4CD1B}
	EndGlobalSection
EndGlobal
